<Solution>
  <Project Path="WpfUiTest.App/WpfUiTest.App.csproj" />
  <Project Path="WpfUiTest.Controls/WpfUiTest.Controls.csproj" Id="a5a6521f-f62f-47a8-a7b1-007ed744bdcf" />
  <Project Path="WpfUiTest.Core.Tests/WpfUiTest.Core.Tests.csproj" Id="d1d5b400-fec9-46db-9479-46ee63bfcabe" />
  <Project Path="WpfUiTest.Core/WpfUiTest.Core.csproj" />
  <Project Path="WpfUiTest.Modules.Memo/WpfUiTest.Modules.Memo.csproj" />
  <Project Path="WpfUiTest.Modules.ToDo/WpfUiTest.Modules.ToDo.csproj" />
  <Project Path="WpfUiTest.Shared/WpfUiTest.Shared.csproj" />
</Solution>
