<Solution>
  <Project Path="WpfUiTest.App/WpfUiTest.App.csproj" />
  <Project Path="WpfUiTest.Core/WpfUiTest.Core.csproj" />
  <Project Path="WpfUiTest.Modules.Memo/WpfUiTest.Modules.Memo.csproj" />
  <Project Path="WpfUiTest.Modules.ToDo/WpfUiTest.Modules.ToDo.csproj" />
  <Project Path="WpfUiTest.Shared/WpfUiTest.Shared.csproj" />
</Solution>
